# THIS IS AN AUTOGENERATED FILE. DO NOT EDIT THIS FILE DIRECTLY.
# yarn lockfile v1


fs@^0.0.1-security:
  version "0.0.1-security"
  resolved "https://registry.yarnpkg.com/fs/-/fs-0.0.1-security.tgz#8a7bd37186b6dddf3813f23858b57ecaaf5e41d4"
  integrity sha1-invTcYa23d84E/I4WLV+yq9eQdQ=

serverboy@^0.0.6:
  version "0.0.6"
  resolved "https://registry.yarnpkg.com/serverboy/-/serverboy-0.0.6.tgz#49ef44491d177ec3e03b096f6ca2cbba74076618"
  integrity sha512-cBarKA4NDalb89Pfbw90S0mp8hd1hhaRTPDW8+5dNdzyh6a55xqiZgm4CnRvZLRNpkoo0AaYaLJYpqZYIFnz/Q==

ws@^7.4.5:
  version "7.4.5"
  resolved "https://registry.yarnpkg.com/ws/-/ws-7.4.5.tgz#a484dd851e9beb6fdb420027e3885e8ce48986c1"
  integrity sha512-xzyu3hFvomRfXKH8vOFMU3OguG6oOvhXMo3xsGy3xWExqaM2dxBbVxuD99O7m3ZUFMvvscsZDqxfgMaRr/Nr1g==
